<?xml version="1.0" encoding="utf-8"?>
<Project ToolsVersion="4.0" xmlns="http://schemas.microsoft.com/developer/msbuild/2003">
   <ItemGroup>
      <Filter Include="Source Files">
         <UniqueIdentifier>{75d2565e-defb-40e4-81ff-0836c4f1b2ec}</UniqueIdentifier>
         <Extensions>cpp;c;cxx;rc;def;r;odl;idl;hpj;bat;cc</Extensions>
      </Filter>
      <Filter Include="Source Files\lib">
         <UniqueIdentifier>{8281d63b-24c5-4a3d-9a94-db6af35bf80a}</UniqueIdentifier>
      </Filter>
      <Filter Include="Source Files\lib\include">
         <UniqueIdentifier>{6a780ffb-7884-4a56-927e-237b22c418d6}</UniqueIdentifier>
      </Filter>
      <Filter Include="Source Files\lib\src">
         <UniqueIdentifier>{3b23cb18-5f1c-414a-9ec9-e84678592d13}</UniqueIdentifier>
      </Filter>
   </ItemGroup>
  <ItemGroup>
    <ResourceCompile Include="Torque.rc">
      <Filter>Source Files</Filter>
    </ResourceCompile>
  </ItemGroup>
   <ItemGroup>
      <ClCompile Include="..\..\..\..\..\Engine\lib\libogg\src\bitwise.c">
         <Filter>Source Files\lib\src</Filter>
      </ClCompile>
      <ClCompile Include="..\..\..\..\..\Engine\lib\libogg\src\framing.c">
         <Filter>Source Files\lib\src</Filter>
      </ClCompile>
   </ItemGroup>
   <ItemGroup>
      <ClInclude Include="..\..\..\..\..\Engine\lib\libogg\include\ogg\ogg.h">
         <Filter>Source Files\lib\include</Filter>
      </ClInclude>
      <ClInclude Include="..\..\..\..\..\Engine\lib\libogg\include\ogg\os_types.h">
         <Filter>Source Files\lib\include</Filter>
      </ClInclude>
   </ItemGroup>
   <ItemGroup>
   </ItemGroup>
</Project>